[[package]]
name = "balanced"
version = "0.1.0"
dependencies = [
 "rstest 0.2.2 (registry+https://github.com/rust-lang/crates.io-index)",
]

[[package]]
name = "proc-macro2"
version = "0.4.24"
source = "registry+https://github.com/rust-lang/crates.io-index"
dependencies = [
 "unicode-xid 0.1.0 (registry+https://github.com/rust-lang/crates.io-index)",
]

[[package]]
name = "quote"
version = "0.6.10"
source = "registry+https://github.com/rust-lang/crates.io-index"
dependencies = [
 "proc-macro2 0.4.24 (registry+https://github.com/rust-lang/crates.io-index)",
]

[[package]]
name = "rstest"
version = "0.2.2"
source = "registry+https://github.com/rust-lang/crates.io-index"
dependencies = [
 "proc-macro2 0.4.24 (registry+https://github.com/rust-lang/crates.io-index)",
 "quote 0.6.10 (registry+https://github.com/rust-lang/crates.io-index)",
 "syn 0.14.9 (registry+https://github.com/rust-lang/crates.io-index)",
]

[[package]]
name = "syn"
version = "0.14.9"
source = "registry+https://github.com/rust-lang/crates.io-index"
dependencies = [
 "proc-macro2 0.4.24 (registry+https://github.com/rust-lang/crates.io-index)",
 "quote 0.6.10 (registry+https://github.com/rust-lang/crates.io-index)",
 "unicode-xid 0.1.0 (registry+https://github.com/rust-lang/crates.io-index)",
]

[[package]]
name = "unicode-xid"
version = "0.1.0"
source = "registry+https://github.com/rust-lang/crates.io-index"

[metadata]
"checksum proc-macro2 0.4.24 (registry+https://github.com/rust-lang/crates.io-index)" = "77619697826f31a02ae974457af0b29b723e5619e113e9397b8b82c6bd253f09"
"checksum quote 0.6.10 (registry+https://github.com/rust-lang/crates.io-index)" = "53fa22a1994bd0f9372d7a816207d8a2677ad0325b073f5c5332760f0fb62b5c"
"checksum rstest 0.2.2 (registry+https://github.com/rust-lang/crates.io-index)" = "17060b44b74f0aed4e7ee6c970e57b5e51adbd3aecd814e1ab38a27e00901d67"
"checksum syn 0.14.9 (registry+https://github.com/rust-lang/crates.io-index)" = "261ae9ecaa397c42b960649561949d69311f08eeaea86a65696e6e46517cf741"
"checksum unicode-xid 0.1.0 (registry+https://github.com/rust-lang/crates.io-index)" = "fc72304796d0818e357ead4e000d19c9c174ab23dc11093ac919054d20a6a7fc"
